// !$*UTF8*$!
{
	archiveVersion = 1;
	classes = {
	};
	objectVersion = 51;
	objects = {

/* Begin PBXBuildFile section */
		025F55B95C5B86BC705D04FB /* Pods_ble_demo_app_ble_demo_appUITests.framework in Frameworks */ = {isa = PBXBuildFile; fileRef = 0A0F26485CFDD0A0A94519FC /* Pods_ble_demo_app_ble_demo_appUITests.framework */; };
		B515BD562518858800D0D456 /* AppDelegate.swift in Sources */ = {isa = PBXBuildFile; fileRef = B515BD552518858800D0D456 /* AppDelegate.swift */; };
		B515BD582518858800D0D456 /* SceneDelegate.swift in Sources */ = {isa = PBXBuildFile; fileRef = B515BD572518858800D0D456 /* SceneDelegate.swift */; };
		B515BD5A2518858800D0D456 /* ViewController.swift in Sources */ = {isa = PBXBuildFile; fileRef = B515BD592518858800D0D456 /* ViewController.swift */; };
		B515BD5D2518858800D0D456 /* Main.storyboard in Resources */ = {isa = PBXBuildFile; fileRef = B515BD5B2518858800D0D456 /* Main.storyboard */; };
		B515BD5F2518858B00D0D456 /* Assets.xcassets in Resources */ = {isa = PBXBuildFile; fileRef = B515BD5E2518858B00D0D456 /* Assets.xcassets */; };
		B515BD622518858B00D0D456 /* LaunchScreen.storyboard in Resources */ = {isa = PBXBuildFile; fileRef = B515BD602518858B00D0D456 /* LaunchScreen.storyboard */; };
		B515BD6D2518858B00D0D456 /* ble_demo_appTests.swift in Sources */ = {isa = PBXBuildFile; fileRef = B515BD6C2518858B00D0D456 /* ble_demo_appTests.swift */; };
		B515BD782518858B00D0D456 /* ble_demo_appUITests.swift in Sources */ = {isa = PBXBuildFile; fileRef = B515BD772518858B00D0D456 /* ble_demo_appUITests.swift */; };
		B515BD86251885C900D0D456 /* BluetoothScanner.swift in Sources */ = {isa = PBXBuildFile; fileRef = B515BD85251885C900D0D456 /* BluetoothScanner.swift */; };
		B515BD88251885E400D0D456 /* DataObject.swift in Sources */ = {isa = PBXBuildFile; fileRef = B515BD87251885E400D0D456 /* DataObject.swift */; };
		B515BD8A2518867F00D0D456 /* DataDelegate.swift in Sources */ = {isa = PBXBuildFile; fileRef = B515BD892518867F00D0D456 /* DataDelegate.swift */; };
		B8A890E74F7D6400FA8DA10C /* Pods_ble_demo_app.framework in Frameworks */ = {isa = PBXBuildFile; fileRef = D7A145206160F455712D557A /* Pods_ble_demo_app.framework */; };
		F2CC945C1913A7E23D981229 /* Pods_ble_demo_appTests.framework in Frameworks */ = {isa = PBXBuildFile; fileRef = 681DD2A13429BD5E62C2F139 /* Pods_ble_demo_appTests.framework */; };
/* End PBXBuildFile section */

/* Begin PBXContainerItemProxy section */
		B515BD692518858B00D0D456 /* PBXContainerItemProxy */ = {
			isa = PBXContainerItemProxy;
			containerPortal = B515BD4A2518858800D0D456 /* Project object */;
			proxyType = 1;
			remoteGlobalIDString = B515BD512518858800D0D456;
			remoteInfo = "ble demo app";
		};
		B515BD742518858B00D0D456 /* PBXContainerItemProxy */ = {
			isa = PBXContainerItemProxy;
			containerPortal = B515BD4A2518858800D0D456 /* Project object */;
			proxyType = 1;
			remoteGlobalIDString = B515BD512518858800D0D456;
			remoteInfo = "ble demo app";
		};
/* End PBXContainerItemProxy section */

/* Begin PBXFileReference section */
		0A0F26485CFDD0A0A94519FC /* Pods_ble_demo_app_ble_demo_appUITests.framework */ = {isa = PBXFileReference; explicitFileType = wrapper.framework; includeInIndex = 0; path = Pods_ble_demo_app_ble_demo_appUITests.framework; sourceTree = BUILT_PRODUCTS_DIR; };
		50006977AB80CD97CAB16030 /* Pods-ble demo app-ble demo appUITests.release.xcconfig */ = {isa = PBXFileReference; includeInIndex = 1; lastKnownFileType = text.xcconfig; name = "Pods-ble demo app-ble demo appUITests.release.xcconfig"; path = "Target Support Files/Pods-ble demo app-ble demo appUITests/Pods-ble demo app-ble demo appUITests.release.xcconfig"; sourceTree = "<group>"; };
		681DD2A13429BD5E62C2F139 /* Pods_ble_demo_appTests.framework */ = {isa = PBXFileReference; explicitFileType = wrapper.framework; includeInIndex = 0; path = Pods_ble_demo_appTests.framework; sourceTree = BUILT_PRODUCTS_DIR; };
		86B8F6210365F309388F6B9D /* Pods-ble demo appTests.debug.xcconfig */ = {isa = PBXFileReference; includeInIndex = 1; lastKnownFileType = text.xcconfig; name = "Pods-ble demo appTests.debug.xcconfig"; path = "Target Support Files/Pods-ble demo appTests/Pods-ble demo appTests.debug.xcconfig"; sourceTree = "<group>"; };
		A459F7DEDC86AD8006425B5F /* Pods-ble demo app.release.xcconfig */ = {isa = PBXFileReference; includeInIndex = 1; lastKnownFileType = text.xcconfig; name = "Pods-ble demo app.release.xcconfig"; path = "Target Support Files/Pods-ble demo app/Pods-ble demo app.release.xcconfig"; sourceTree = "<group>"; };
		B515BD522518858800D0D456 /* ble demo app.app */ = {isa = PBXFileReference; explicitFileType = wrapper.application; includeInIndex = 0; path = "ble demo app.app"; sourceTree = BUILT_PRODUCTS_DIR; };
		B515BD552518858800D0D456 /* AppDelegate.swift */ = {isa = PBXFileReference; lastKnownFileType = sourcecode.swift; path = AppDelegate.swift; sourceTree = "<group>"; };
		B515BD572518858800D0D456 /* SceneDelegate.swift */ = {isa = PBXFileReference; lastKnownFileType = sourcecode.swift; path = SceneDelegate.swift; sourceTree = "<group>"; };
		B515BD592518858800D0D456 /* ViewController.swift */ = {isa = PBXFileReference; lastKnownFileType = sourcecode.swift; path = ViewController.swift; sourceTree = "<group>"; };
		B515BD5C2518858800D0D456 /* Base */ = {isa = PBXFileReference; lastKnownFileType = file.storyboard; name = Base; path = Base.lproj/Main.storyboard; sourceTree = "<group>"; };
		B515BD5E2518858B00D0D456 /* Assets.xcassets */ = {isa = PBXFileReference; lastKnownFileType = folder.assetcatalog; path = Assets.xcassets; sourceTree = "<group>"; };
		B515BD612518858B00D0D456 /* Base */ = {isa = PBXFileReference; lastKnownFileType = file.storyboard; name = Base; path = Base.lproj/LaunchScreen.storyboard; sourceTree = "<group>"; };
		B515BD632518858B00D0D456 /* Info.plist */ = {isa = PBXFileReference; lastKnownFileType = text.plist.xml; path = Info.plist; sourceTree = "<group>"; };
		B515BD682518858B00D0D456 /* ble demo appTests.xctest */ = {isa = PBXFileReference; explicitFileType = wrapper.cfbundle; includeInIndex = 0; path = "ble demo appTests.xctest"; sourceTree = BUILT_PRODUCTS_DIR; };
		B515BD6C2518858B00D0D456 /* ble_demo_appTests.swift */ = {isa = PBXFileReference; lastKnownFileType = sourcecode.swift; path = ble_demo_appTests.swift; sourceTree = "<group>"; };
		B515BD6E2518858B00D0D456 /* Info.plist */ = {isa = PBXFileReference; lastKnownFileType = text.plist.xml; path = Info.plist; sourceTree = "<group>"; };
		B515BD732518858B00D0D456 /* ble demo appUITests.xctest */ = {isa = PBXFileReference; explicitFileType = wrapper.cfbundle; includeInIndex = 0; path = "ble demo appUITests.xctest"; sourceTree = BUILT_PRODUCTS_DIR; };
		B515BD772518858B00D0D456 /* ble_demo_appUITests.swift */ = {isa = PBXFileReference; lastKnownFileType = sourcecode.swift; path = ble_demo_appUITests.swift; sourceTree = "<group>"; };
		B515BD792518858B00D0D456 /* Info.plist */ = {isa = PBXFileReference; lastKnownFileType = text.plist.xml; path = Info.plist; sourceTree = "<group>"; };
		B515BD85251885C900D0D456 /* BluetoothScanner.swift */ = {isa = PBXFileReference; fileEncoding = 4; lastKnownFileType = sourcecode.swift; path = BluetoothScanner.swift; sourceTree = "<group>"; };
		B515BD87251885E400D0D456 /* DataObject.swift */ = {isa = PBXFileReference; lastKnownFileType = sourcecode.swift; path = DataObject.swift; sourceTree = "<group>"; };
		B515BD892518867F00D0D456 /* DataDelegate.swift */ = {isa = PBXFileReference; lastKnownFileType = sourcecode.swift; path = DataDelegate.swift; sourceTree = "<group>"; };
		D7A145206160F455712D557A /* Pods_ble_demo_app.framework */ = {isa = PBXFileReference; explicitFileType = wrapper.framework; includeInIndex = 0; path = Pods_ble_demo_app.framework; sourceTree = BUILT_PRODUCTS_DIR; };
		E6184C43435F652588871B24 /* Pods-ble demo app-ble demo appUITests.debug.xcconfig */ = {isa = PBXFileReference; includeInIndex = 1; lastKnownFileType = text.xcconfig; name = "Pods-ble demo app-ble demo appUITests.debug.xcconfig"; path = "Target Support Files/Pods-ble demo app-ble demo appUITests/Pods-ble demo app-ble demo appUITests.debug.xcconfig"; sourceTree = "<group>"; };
		F17D8B5366E112A0D5D2EF4C /* Pods-ble demo app.debug.xcconfig */ = {isa = PBXFileReference; includeInIndex = 1; lastKnownFileType = text.xcconfig; name = "Pods-ble demo app.debug.xcconfig"; path = "Target Support Files/Pods-ble demo app/Pods-ble demo app.debug.xcconfig"; sourceTree = "<group>"; };
		FAC025EF5231D180EF3EEB40 /* Pods-ble demo appTests.release.xcconfig */ = {isa = PBXFileReference; includeInIndex = 1; lastKnownFileType = text.xcconfig; name = "Pods-ble demo appTests.release.xcconfig"; path = "Target Support Files/Pods-ble demo appTests/Pods-ble demo appTests.release.xcconfig"; sourceTree = "<group>"; };
/* End PBXFileReference section */

/* Begin PBXFrameworksBuildPhase section */
		B515BD4F2518858800D0D456 /* Frameworks */ = {
			isa = PBXFrameworksBuildPhase;
			buildActionMask = 2147483647;
			files = (
				B8A890E74F7D6400FA8DA10C /* Pods_ble_demo_app.framework in Frameworks */,
			);
			runOnlyForDeploymentPostprocessing = 0;
		};
		B515BD652518858B00D0D456 /* Frameworks */ = {
			isa = PBXFrameworksBuildPhase;
			buildActionMask = 2147483647;
			files = (
				F2CC945C1913A7E23D981229 /* Pods_ble_demo_appTests.framework in Frameworks */,
			);
			runOnlyForDeploymentPostprocessing = 0;
		};
		B515BD702518858B00D0D456 /* Frameworks */ = {
			isa = PBXFrameworksBuildPhase;
			buildActionMask = 2147483647;
			files = (
				025F55B95C5B86BC705D04FB /* Pods_ble_demo_app_ble_demo_appUITests.framework in Frameworks */,
			);
			runOnlyForDeploymentPostprocessing = 0;
		};
/* End PBXFrameworksBuildPhase section */

/* Begin PBXGroup section */
		2A8CCA7F759CDE0CE9724711 /* Pods */ = {
			isa = PBXGroup;
			children = (
				F17D8B5366E112A0D5D2EF4C /* Pods-ble demo app.debug.xcconfig */,
				A459F7DEDC86AD8006425B5F /* Pods-ble demo app.release.xcconfig */,
				E6184C43435F652588871B24 /* Pods-ble demo app-ble demo appUITests.debug.xcconfig */,
				50006977AB80CD97CAB16030 /* Pods-ble demo app-ble demo appUITests.release.xcconfig */,
				86B8F6210365F309388F6B9D /* Pods-ble demo appTests.debug.xcconfig */,
				FAC025EF5231D180EF3EEB40 /* Pods-ble demo appTests.release.xcconfig */,
			);
			path = Pods;
			sourceTree = "<group>";
		};
		B515BD492518858800D0D456 = {
			isa = PBXGroup;
			children = (
				B515BD542518858800D0D456 /* ble demo app */,
				B515BD6B2518858B00D0D456 /* ble demo appTests */,
				B515BD762518858B00D0D456 /* ble demo appUITests */,
				B515BD532518858800D0D456 /* Products */,
				2A8CCA7F759CDE0CE9724711 /* Pods */,
				DFD71395CABA087764AF29B5 /* Frameworks */,
			);
			sourceTree = "<group>";
		};
		B515BD532518858800D0D456 /* Products */ = {
			isa = PBXGroup;
			children = (
				B515BD522518858800D0D456 /* ble demo app.app */,
				B515BD682518858B00D0D456 /* ble demo appTests.xctest */,
				B515BD732518858B00D0D456 /* ble demo appUITests.xctest */,
			);
			name = Products;
			sourceTree = "<group>";
		};
		B515BD542518858800D0D456 /* ble demo app */ = {
			isa = PBXGroup;
			children = (
				B515BD85251885C900D0D456 /* BluetoothScanner.swift */,
				B515BD552518858800D0D456 /* AppDelegate.swift */,
				B515BD572518858800D0D456 /* SceneDelegate.swift */,
				B515BD592518858800D0D456 /* ViewController.swift */,
				B515BD5B2518858800D0D456 /* Main.storyboard */,
				B515BD5E2518858B00D0D456 /* Assets.xcassets */,
				B515BD602518858B00D0D456 /* LaunchScreen.storyboard */,
				B515BD632518858B00D0D456 /* Info.plist */,
				B515BD87251885E400D0D456 /* DataObject.swift */,
				B515BD892518867F00D0D456 /* DataDelegate.swift */,
			);
			path = "ble demo app";
			sourceTree = "<group>";
		};
		B515BD6B2518858B00D0D456 /* ble demo appTests */ = {
			isa = PBXGroup;
			children = (
				B515BD6C2518858B00D0D456 /* ble_demo_appTests.swift */,
				B515BD6E2518858B00D0D456 /* Info.plist */,
			);
			path = "ble demo appTests";
			sourceTree = "<group>";
		};
		B515BD762518858B00D0D456 /* ble demo appUITests */ = {
			isa = PBXGroup;
			children = (
				B515BD772518858B00D0D456 /* ble_demo_appUITests.swift */,
				B515BD792518858B00D0D456 /* Info.plist */,
			);
			path = "ble demo appUITests";
			sourceTree = "<group>";
		};
		DFD71395CABA087764AF29B5 /* Frameworks */ = {
			isa = PBXGroup;
			children = (
				D7A145206160F455712D557A /* Pods_ble_demo_app.framework */,
				0A0F26485CFDD0A0A94519FC /* Pods_ble_demo_app_ble_demo_appUITests.framework */,
				681DD2A13429BD5E62C2F139 /* Pods_ble_demo_appTests.framework */,
			);
			name = Frameworks;
			sourceTree = "<group>";
		};
/* End PBXGroup section */

/* Begin PBXNativeTarget section */
		B515BD512518858800D0D456 /* ble demo app */ = {
			isa = PBXNativeTarget;
			buildConfigurationList = B515BD7C2518858B00D0D456 /* Build configuration list for PBXNativeTarget "ble demo app" */;
			buildPhases = (
				EBFF60B66C8B27AC3105DA88 /* [CP] Check Pods Manifest.lock */,
				B515BD4E2518858800D0D456 /* Sources */,
				B515BD4F2518858800D0D456 /* Frameworks */,
				B515BD502518858800D0D456 /* Resources */,
				2CE3F5C6FD5A4CA1934915E9 /* [CP] Embed Pods Frameworks */,
			);
			buildRules = (
			);
			dependencies = (
			);
			name = "ble demo app";
			productName = "ble demo app";
			productReference = B515BD522518858800D0D456 /* ble demo app.app */;
			productType = "com.apple.product-type.application";
		};
		B515BD672518858B00D0D456 /* ble demo appTests */ = {
			isa = PBXNativeTarget;
			buildConfigurationList = B515BD7F2518858B00D0D456 /* Build configuration list for PBXNativeTarget "ble demo appTests" */;
			buildPhases = (
				51198BA760A317B15C91111D /* [CP] Check Pods Manifest.lock */,
				B515BD642518858B00D0D456 /* Sources */,
				B515BD652518858B00D0D456 /* Frameworks */,
				B515BD662518858B00D0D456 /* Resources */,
			);
			buildRules = (
			);
			dependencies = (
				B515BD6A2518858B00D0D456 /* PBXTargetDependency */,
			);
			name = "ble demo appTests";
			productName = "ble demo appTests";
			productReference = B515BD682518858B00D0D456 /* ble demo appTests.xctest */;
			productType = "com.apple.product-type.bundle.unit-test";
		};
		B515BD722518858B00D0D456 /* ble demo appUITests */ = {
			isa = PBXNativeTarget;
			buildConfigurationList = B515BD822518858B00D0D456 /* Build configuration list for PBXNativeTarget "ble demo appUITests" */;
			buildPhases = (
				6B951ED8CC24CF416379CF66 /* [CP] Check Pods Manifest.lock */,
				B515BD6F2518858B00D0D456 /* Sources */,
				B515BD702518858B00D0D456 /* Frameworks */,
				B515BD712518858B00D0D456 /* Resources */,
				D2051456CF87862C18462674 /* [CP] Embed Pods Frameworks */,
			);
			buildRules = (
			);
			dependencies = (
				B515BD752518858B00D0D456 /* PBXTargetDependency */,
			);
			name = "ble demo appUITests";
			productName = "ble demo appUITests";
			productReference = B515BD732518858B00D0D456 /* ble demo appUITests.xctest */;
			productType = "com.apple.product-type.bundle.ui-testing";
		};
/* End PBXNativeTarget section */

/* Begin PBXProject section */
		B515BD4A2518858800D0D456 /* Project object */ = {
			isa = PBXProject;
			attributes = {
				LastSwiftUpdateCheck = 1160;
				LastUpgradeCheck = 1160;
				ORGANIZATIONNAME = "Ayaz Alavi";
				TargetAttributes = {
					B515BD512518858800D0D456 = {
						CreatedOnToolsVersion = 11.6;
					};
					B515BD672518858B00D0D456 = {
						CreatedOnToolsVersion = 11.6;
						TestTargetID = B515BD512518858800D0D456;
					};
					B515BD722518858B00D0D456 = {
						CreatedOnToolsVersion = 11.6;
						TestTargetID = B515BD512518858800D0D456;
					};
				};
			};
			buildConfigurationList = B515BD4D2518858800D0D456 /* Build configuration list for PBXProject "ble demo app" */;
			compatibilityVersion = "Xcode 9.3";
			developmentRegion = en;
			hasScannedForEncodings = 0;
			knownRegions = (
				en,
				Base,
			);
			mainGroup = B515BD492518858800D0D456;
			productRefGroup = B515BD532518858800D0D456 /* Products */;
			projectDirPath = "";
			projectRoot = "";
			targets = (
				B515BD512518858800D0D456 /* ble demo app */,
				B515BD672518858B00D0D456 /* ble demo appTests */,
				B515BD722518858B00D0D456 /* ble demo appUITests */,
			);
		};
/* End PBXProject section */

/* Begin PBXResourcesBuildPhase section */
		B515BD502518858800D0D456 /* Resources */ = {
			isa = PBXResourcesBuildPhase;
			buildActionMask = 2147483647;
			files = (
				B515BD622518858B00D0D456 /* LaunchScreen.storyboard in Resources */,
				B515BD5F2518858B00D0D456 /* Assets.xcassets in Resources */,
				B515BD5D2518858800D0D456 /* Main.storyboard in Resources */,
			);
			runOnlyForDeploymentPostprocessing = 0;
		};
		B515BD662518858B00D0D456 /* Resources */ = {
			isa = PBXResourcesBuildPhase;
			buildActionMask = 2147483647;
			files = (
			);
			runOnlyForDeploymentPostprocessing = 0;
		};
		B515BD712518858B00D0D456 /* Resources */ = {
			isa = PBXResourcesBuildPhase;
			buildActionMask = 2147483647;
			files = (
			);
			runOnlyForDeploymentPostprocessing = 0;
		};
/* End PBXResourcesBuildPhase section */

/* Begin PBXShellScriptBuildPhase section */
		2CE3F5C6FD5A4CA1934915E9 /* [CP] Embed Pods Frameworks */ = {
			isa = PBXShellScriptBuildPhase;
			buildActionMask = 2147483647;
			files = (
			);
			inputFileListPaths = (
				"${PODS_ROOT}/Target Support Files/Pods-ble demo app/Pods-ble demo app-frameworks-${CONFIGURATION}-input-files.xcfilelist",
			);
			name = "[CP] Embed Pods Frameworks";
			outputFileListPaths = (
				"${PODS_ROOT}/Target Support Files/Pods-ble demo app/Pods-ble demo app-frameworks-${CONFIGURATION}-output-files.xcfilelist",
			);
			runOnlyForDeploymentPostprocessing = 0;
			shellPath = /bin/sh;
			shellScript = "\"${PODS_ROOT}/Target Support Files/Pods-ble demo app/Pods-ble demo app-frameworks.sh\"\n";
			showEnvVarsInLog = 0;
		};
		51198BA760A317B15C91111D /* [CP] Check Pods Manifest.lock */ = {
			isa = PBXShellScriptBuildPhase;
			buildActionMask = 2147483647;
			files = (
			);
			inputFileListPaths = (
			);
			inputPaths = (
				"${PODS_PODFILE_DIR_PATH}/Podfile.lock",
				"${PODS_ROOT}/Manifest.lock",
			);
			name = "[CP] Check Pods Manifest.lock";
			outputFileListPaths = (
			);
			outputPaths = (
				"$(DERIVED_FILE_DIR)/Pods-ble demo appTests-checkManifestLockResult.txt",
			);
			runOnlyForDeploymentPostprocessing = 0;
			shellPath = /bin/sh;
			shellScript = "diff \"${PODS_PODFILE_DIR_PATH}/Podfile.lock\" \"${PODS_ROOT}/Manifest.lock\" > /dev/null\nif [ $? != 0 ] ; then\n    # print error to STDERR\n    echo \"error: The sandbox is not in sync with the Podfile.lock. Run 'pod install' or update your CocoaPods installation.\" >&2\n    exit 1\nfi\n# This output is used by Xcode 'outputs' to avoid re-running this script phase.\necho \"SUCCESS\" > \"${SCRIPT_OUTPUT_FILE_0}\"\n";
			showEnvVarsInLog = 0;
		};
		6B951ED8CC24CF416379CF66 /* [CP] Check Pods Manifest.lock */ = {
			isa = PBXShellScriptBuildPhase;
			buildActionMask = 2147483647;
			files = (
			);
			inputFileListPaths = (
			);
			inputPaths = (
				"${PODS_PODFILE_DIR_PATH}/Podfile.lock",
				"${PODS_ROOT}/Manifest.lock",
			);
			name = "[CP] Check Pods Manifest.lock";
			outputFileListPaths = (
			);
			outputPaths = (
				"$(DERIVED_FILE_DIR)/Pods-ble demo app-ble demo appUITests-checkManifestLockResult.txt",
			);
			runOnlyForDeploymentPostprocessing = 0;
			shellPath = /bin/sh;
			shellScript = "diff \"${PODS_PODFILE_DIR_PATH}/Podfile.lock\" \"${PODS_ROOT}/Manifest.lock\" > /dev/null\nif [ $? != 0 ] ; then\n    # print error to STDERR\n    echo \"error: The sandbox is not in sync with the Podfile.lock. Run 'pod install' or update your CocoaPods installation.\" >&2\n    exit 1\nfi\n# This output is used by Xcode 'outputs' to avoid re-running this script phase.\necho \"SUCCESS\" > \"${SCRIPT_OUTPUT_FILE_0}\"\n";
			showEnvVarsInLog = 0;
		};
		D2051456CF87862C18462674 /* [CP] Embed Pods Frameworks */ = {
			isa = PBXShellScriptBuildPhase;
			buildActionMask = 2147483647;
			files = (
			);
			inputFileListPaths = (
				"${PODS_ROOT}/Target Support Files/Pods-ble demo app-ble demo appUITests/Pods-ble demo app-ble demo appUITests-frameworks-${CONFIGURATION}-input-files.xcfilelist",
			);
			name = "[CP] Embed Pods Frameworks";
			outputFileListPaths = (
				"${PODS_ROOT}/Target Support Files/Pods-ble demo app-ble demo appUITests/Pods-ble demo app-ble demo appUITests-frameworks-${CONFIGURATION}-output-files.xcfilelist",
			);
			runOnlyForDeploymentPostprocessing = 0;
			shellPath = /bin/sh;
			shellScript = "\"${PODS_ROOT}/Target Support Files/Pods-ble demo app-ble demo appUITests/Pods-ble demo app-ble demo appUITests-frameworks.sh\"\n";
			showEnvVarsInLog = 0;
		};
		EBFF60B66C8B27AC3105DA88 /* [CP] Check Pods Manifest.lock */ = {
			isa = PBXShellScriptBuildPhase;
			buildActionMask = 2147483647;
			files = (
			);
			inputFileListPaths = (
			);
			inputPaths = (
				"${PODS_PODFILE_DIR_PATH}/Podfile.lock",
				"${PODS_ROOT}/Manifest.lock",
			);
			name = "[CP] Check Pods Manifest.lock";
			outputFileListPaths = (
			);
			outputPaths = (
				"$(DERIVED_FILE_DIR)/Pods-ble demo app-checkManifestLockResult.txt",
			);
			runOnlyForDeploymentPostprocessing = 0;
			shellPath = /bin/sh;
			shellScript = "diff \"${PODS_PODFILE_DIR_PATH}/Podfile.lock\" \"${PODS_ROOT}/Manifest.lock\" > /dev/null\nif [ $? != 0 ] ; then\n    # print error to STDERR\n    echo \"error: The sandbox is not in sync with the Podfile.lock. Run 'pod install' or update your CocoaPods installation.\" >&2\n    exit 1\nfi\n# This output is used by Xcode 'outputs' to avoid re-running this script phase.\necho \"SUCCESS\" > \"${SCRIPT_OUTPUT_FILE_0}\"\n";
			showEnvVarsInLog = 0;
		};
/* End PBXShellScriptBuildPhase section */

/* Begin PBXSourcesBuildPhase section */
		B515BD4E2518858800D0D456 /* Sources */ = {
			isa = PBXSourcesBuildPhase;
			buildActionMask = 2147483647;
			files = (
				B515BD5A2518858800D0D456 /* ViewController.swift in Sources */,
				B515BD86251885C900D0D456 /* BluetoothScanner.swift in Sources */,
				B515BD8A2518867F00D0D456 /* DataDelegate.swift in Sources */,
				B515BD562518858800D0D456 /* AppDelegate.swift in Sources */,
				B515BD582518858800D0D456 /* SceneDelegate.swift in Sources */,
				B515BD88251885E400D0D456 /* DataObject.swift in Sources */,
			);
			runOnlyForDeploymentPostprocessing = 0;
		};
		B515BD642518858B00D0D456 /* Sources */ = {
			isa = PBXSourcesBuildPhase;
			buildActionMask = 2147483647;
			files = (
				B515BD6D2518858B00D0D456 /* ble_demo_appTests.swift in Sources */,
			);
			runOnlyForDeploymentPostprocessing = 0;
		};
		B515BD6F2518858B00D0D456 /* Sources */ = {
			isa = PBXSourcesBuildPhase;
			buildActionMask = 2147483647;
			files = (
				B515BD782518858B00D0D456 /* ble_demo_appUITests.swift in Sources */,
			);
			runOnlyForDeploymentPostprocessing = 0;
		};
/* End PBXSourcesBuildPhase section */

/* Begin PBXTargetDependency section */
		B515BD6A2518858B00D0D456 /* PBXTargetDependency */ = {
			isa = PBXTargetDependency;
			target = B515BD512518858800D0D456 /* ble demo app */;
			targetProxy = B515BD692518858B00D0D456 /* PBXContainerItemProxy */;
		};
		B515BD752518858B00D0D456 /* PBXTargetDependency */ = {
			isa = PBXTargetDependency;
			target = B515BD512518858800D0D456 /* ble demo app */;
			targetProxy = B515BD742518858B00D0D456 /* PBXContainerItemProxy */;
		};
/* End PBXTargetDependency section */

/* Begin PBXVariantGroup section */
		B515BD5B2518858800D0D456 /* Main.storyboard */ = {
			isa = PBXVariantGroup;
			children = (
				B515BD5C2518858800D0D456 /* Base */,
			);
			name = Main.storyboard;
			sourceTree = "<group>";
		};
		B515BD602518858B00D0D456 /* LaunchScreen.storyboard */ = {
			isa = PBXVariantGroup;
			children = (
				B515BD612518858B00D0D456 /* Base */,
			);
			name = LaunchScreen.storyboard;
			sourceTree = "<group>";
		};
/* End PBXVariantGroup section */

/* Begin XCBuildConfiguration section */
		B515BD7A2518858B00D0D456 /* Debug */ = {
			isa = XCBuildConfiguration;
			buildSettings = {
				ALWAYS_SEARCH_USER_PATHS = NO;
				CLANG_ANALYZER_NONNULL = YES;
				CLANG_ANALYZER_NUMBER_OBJECT_CONVERSION = YES_AGGRESSIVE;
				CLANG_CXX_LANGUAGE_STANDARD = "gnu++14";
				CLANG_CXX_LIBRARY = "libc++";
				CLANG_ENABLE_MODULES = YES;
				CLANG_ENABLE_OBJC_ARC = YES;
				CLANG_ENABLE_OBJC_WEAK = YES;
				CLANG_WARN_BLOCK_CAPTURE_AUTORELEASING = YES;
				CLANG_WARN_BOOL_CONVERSION = YES;
				CLANG_WARN_COMMA = YES;
				CLANG_WARN_CONSTANT_CONVERSION = YES;
				CLANG_WARN_DEPRECATED_OBJC_IMPLEMENTATIONS = YES;
				CLANG_WARN_DIRECT_OBJC_ISA_USAGE = YES_ERROR;
				CLANG_WARN_DOCUMENTATION_COMMENTS = YES;
				CLANG_WARN_EMPTY_BODY = YES;
				CLANG_WARN_ENUM_CONVERSION = YES;
				CLANG_WARN_INFINITE_RECURSION = YES;
				CLANG_WARN_INT_CONVERSION = YES;
				CLANG_WARN_NON_LITERAL_NULL_CONVERSION = YES;
				CLANG_WARN_OBJC_IMPLICIT_RETAIN_SELF = YES;
				CLANG_WARN_OBJC_LITERAL_CONVERSION = YES;
				CLANG_WARN_OBJC_ROOT_CLASS = YES_ERROR;
				CLANG_WARN_RANGE_LOOP_ANALYSIS = YES;
				CLANG_WARN_STRICT_PROTOTYPES = YES;
				CLANG_WARN_SUSPICIOUS_MOVE = YES;
				CLANG_WARN_UNGUARDED_AVAILABILITY = YES_AGGRESSIVE;
				CLANG_WARN_UNREACHABLE_CODE = YES;
				CLANG_WARN__DUPLICATE_METHOD_MATCH = YES;
				COPY_PHASE_STRIP = NO;
				DEBUG_INFORMATION_FORMAT = dwarf;
				ENABLE_STRICT_OBJC_MSGSEND = YES;
				ENABLE_TESTABILITY = YES;
				GCC_C_LANGUAGE_STANDARD = gnu11;
				GCC_DYNAMIC_NO_PIC = NO;
				GCC_NO_COMMON_BLOCKS = YES;
				GCC_OPTIMIZATION_LEVEL = 0;
				GCC_PREPROCESSOR_DEFINITIONS = (
					"DEBUG=1",
					"$(inherited)",
				);
				GCC_WARN_64_TO_32_BIT_CONVERSION = YES;
				GCC_WARN_ABOUT_RETURN_TYPE = YES_ERROR;
				GCC_WARN_UNDECLARED_SELECTOR = YES;
				GCC_WARN_UNINITIALIZED_AUTOS = YES_AGGRESSIVE;
				GCC_WARN_UNUSED_FUNCTION = YES;
				GCC_WARN_UNUSED_VARIABLE = YES;
				IPHONEOS_DEPLOYMENT_TARGET = 13.6;
				MTL_ENABLE_DEBUG_INFO = INCLUDE_SOURCE;
				MTL_FAST_MATH = YES;
				ONLY_ACTIVE_ARCH = YES;
				SDKROOT = iphoneos;
				SWIFT_ACTIVE_COMPILATION_CONDITIONS = DEBUG;
				SWIFT_OPTIMIZATION_LEVEL = "-Onone";
			};
			name = Debug;
		};
		B515BD7B2518858B00D0D456 /* Release */ = {
			isa = XCBuildConfiguration;
			buildSettings = {
				ALWAYS_SEARCH_USER_PATHS = NO;
				CLANG_ANALYZER_NONNULL = YES;
				CLANG_ANALYZER_NUMBER_OBJECT_CONVERSION = YES_AGGRESSIVE;
				CLANG_CXX_LANGUAGE_STANDARD = "gnu++14";
				CLANG_CXX_LIBRARY = "libc++";
				CLANG_ENABLE_MODULES = YES;
				CLANG_ENABLE_OBJC_ARC = YES;
				CLANG_ENABLE_OBJC_WEAK = YES;
				CLANG_WARN_BLOCK_CAPTURE_AUTORELEASING = YES;
				CLANG_WARN_BOOL_CONVERSION = YES;
				CLANG_WARN_COMMA = YES;
				CLANG_WARN_CONSTANT_CONVERSION = YES;
				CLANG_WARN_DEPRECATED_OBJC_IMPLEMENTATIONS = YES;
				CLANG_WARN_DIRECT_OBJC_ISA_USAGE = YES_ERROR;
				CLANG_WARN_DOCUMENTATION_COMMENTS = YES;
				CLANG_WARN_EMPTY_BODY = YES;
				CLANG_WARN_ENUM_CONVERSION = YES;
				CLANG_WARN_INFINITE_RECURSION = YES;
				CLANG_WARN_INT_CONVERSION = YES;
				CLANG_WARN_NON_LITERAL_NULL_CONVERSION = YES;
				CLANG_WARN_OBJC_IMPLICIT_RETAIN_SELF = YES;
				CLANG_WARN_OBJC_LITERAL_CONVERSION = YES;
				CLANG_WARN_OBJC_ROOT_CLASS = YES_ERROR;
				CLANG_WARN_RANGE_LOOP_ANALYSIS = YES;
				CLANG_WARN_STRICT_PROTOTYPES = YES;
				CLANG_WARN_SUSPICIOUS_MOVE = YES;
				CLANG_WARN_UNGUARDED_AVAILABILITY = YES_AGGRESSIVE;
				CLANG_WARN_UNREACHABLE_CODE = YES;
				CLANG_WARN__DUPLICATE_METHOD_MATCH = YES;
				COPY_PHASE_STRIP = NO;
				DEBUG_INFORMATION_FORMAT = "dwarf-with-dsym";
				ENABLE_NS_ASSERTIONS = NO;
				ENABLE_STRICT_OBJC_MSGSEND = YES;
				GCC_C_LANGUAGE_STANDARD = gnu11;
				GCC_NO_COMMON_BLOCKS = YES;
				GCC_WARN_64_TO_32_BIT_CONVERSION = YES;
				GCC_WARN_ABOUT_RETURN_TYPE = YES_ERROR;
				GCC_WARN_UNDECLARED_SELECTOR = YES;
				GCC_WARN_UNINITIALIZED_AUTOS = YES_AGGRESSIVE;
				GCC_WARN_UNUSED_FUNCTION = YES;
				GCC_WARN_UNUSED_VARIABLE = YES;
				IPHONEOS_DEPLOYMENT_TARGET = 13.6;
				MTL_ENABLE_DEBUG_INFO = NO;
				MTL_FAST_MATH = YES;
				SDKROOT = iphoneos;
				SWIFT_COMPILATION_MODE = wholemodule;
				SWIFT_OPTIMIZATION_LEVEL = "-O";
				VALIDATE_PRODUCT = YES;
			};
			name = Release;
		};
		B515BD7D2518858B00D0D456 /* Debug */ = {
			isa = XCBuildConfiguration;
			baseConfigurationReference = F17D8B5366E112A0D5D2EF4C /* Pods-ble demo app.debug.xcconfig */;
			buildSettings = {
				ASSETCATALOG_COMPILER_APPICON_NAME = AppIcon;
				CODE_SIGN_STYLE = Automatic;
				DEVELOPMENT_TEAM = 5D394BCDFH;
				INFOPLIST_FILE = "ble demo app/Info.plist";
				IPHONEOS_DEPLOYMENT_TARGET = 10.0;
				LD_RUNPATH_SEARCH_PATHS = (
					"$(inherited)",
					"@executable_path/Frameworks",
				);
				PRODUCT_BUNDLE_IDENTIFIER = "com.client.noman.app.ble.ble-demo-app";
				PRODUCT_NAME = "$(TARGET_NAME)";
				SWIFT_VERSION = 5.0;
				TARGETED_DEVICE_FAMILY = "1,2";
			};
			name = Debug;
		};
		B515BD7E2518858B00D0D456 /* Release */ = {
			isa = XCBuildConfiguration;
			baseConfigurationReference = A459F7DEDC86AD8006425B5F /* Pods-ble demo app.release.xcconfig */;
			buildSettings = {
				ASSETCATALOG_COMPILER_APPICON_NAME = AppIcon;
				CODE_SIGN_STYLE = Automatic;
				DEVELOPMENT_TEAM = 5D394BCDFH;
				INFOPLIST_FILE = "ble demo app/Info.plist";
				IPHONEOS_DEPLOYMENT_TARGET = 10.0;
				LD_RUNPATH_SEARCH_PATHS = (
					"$(inherited)",
					"@executable_path/Frameworks",
				);
				PRODUCT_BUNDLE_IDENTIFIER = "com.client.noman.app.ble.ble-demo-app";
				PRODUCT_NAME = "$(TARGET_NAME)";
				SWIFT_VERSION = 5.0;
				TARGETED_DEVICE_FAMILY = "1,2";
			};
			name = Release;
		};
		B515BD802518858B00D0D456 /* Debug */ = {
			isa = XCBuildConfiguration;
			baseConfigurationReference = 86B8F6210365F309388F6B9D /* Pods-ble demo appTests.debug.xcconfig */;
			buildSettings = {
				ALWAYS_EMBED_SWIFT_STANDARD_LIBRARIES = YES;
				BUNDLE_LOADER = "$(TEST_HOST)";
				CODE_SIGN_STYLE = Automatic;
				DEVELOPMENT_TEAM = 5D394BCDFH;
				INFOPLIST_FILE = "ble demo appTests/Info.plist";
				IPHONEOS_DEPLOYMENT_TARGET = 13.6;
				LD_RUNPATH_SEARCH_PATHS = (
					"$(inherited)",
					"@executable_path/Frameworks",
					"@loader_path/Frameworks",
				);
				PRODUCT_BUNDLE_IDENTIFIER = "com.client.noman.app.ble.ble-demo-appTests";
				PRODUCT_NAME = "$(TARGET_NAME)";
				SWIFT_VERSION = 5.0;
				TARGETED_DEVICE_FAMILY = "1,2";
				TEST_HOST = "$(BUILT_PRODUCTS_DIR)/ble demo app.app/ble demo app";
			};
			name = Debug;
		};
		B515BD812518858B00D0D456 /* Release */ = {
			isa = XCBuildConfiguration;
			baseConfigurationReference = FAC025EF5231D180EF3EEB40 /* Pods-ble demo appTests.release.xcconfig */;
			buildSettings = {
				ALWAYS_EMBED_SWIFT_STANDARD_LIBRARIES = YES;
				BUNDLE_LOADER = "$(TEST_HOST)";
				CODE_SIGN_STYLE = Automatic;
				DEVELOPMENT_TEAM = 5D394BCDFH;
				INFOPLIST_FILE = "ble demo appTests/Info.plist";
				IPHONEOS_DEPLOYMENT_TARGET = 13.6;
				LD_RUNPATH_SEARCH_PATHS = (
					"$(inherited)",
					"@executable_path/Frameworks",
					"@loader_path/Frameworks",
				);
				PRODUCT_BUNDLE_IDENTIFIER = "com.client.noman.app.ble.ble-demo-appTests";
				PRODUCT_NAME = "$(TARGET_NAME)";
				SWIFT_VERSION = 5.0;
				TARGETED_DEVICE_FAMILY = "1,2";
				TEST_HOST = "$(BUILT_PRODUCTS_DIR)/ble demo app.app/ble demo app";
			};
			name = Release;
		};
		B515BD832518858B00D0D456 /* Debug */ = {
			isa = XCBuildConfiguration;
			baseConfigurationReference = E6184C43435F652588871B24 /* Pods-ble demo app-ble demo appUITests.debug.xcconfig */;
			buildSettings = {
				ALWAYS_EMBED_SWIFT_STANDARD_LIBRARIES = YES;
				CODE_SIGN_STYLE = Automatic;
				DEVELOPMENT_TEAM = 5D394BCDFH;
				INFOPLIST_FILE = "ble demo appUITests/Info.plist";
				LD_RUNPATH_SEARCH_PATHS = (
					"$(inherited)",
					"@executable_path/Frameworks",
					"@loader_path/Frameworks",
				);
				PRODUCT_BUNDLE_IDENTIFIER = "com.client.noman.app.ble.ble-demo-appUITests";
				PRODUCT_NAME = "$(TARGET_NAME)";
				SWIFT_VERSION = 5.0;
				TARGETED_DEVICE_FAMILY = "1,2";
				TEST_TARGET_NAME = "ble demo app";
			};
			name = Debug;
		};
		B515BD842518858B00D0D456 /* Release */ = {
			isa = XCBuildConfiguration;
			baseConfigurationReference = 50006977AB80CD97CAB16030 /* Pods-ble demo app-ble demo appUITests.release.xcconfig */;
			buildSettings = {
				ALWAYS_EMBED_SWIFT_STANDARD_LIBRARIES = YES;
				CODE_SIGN_STYLE = Automatic;
				DEVELOPMENT_TEAM = 5D394BCDFH;
				INFOPLIST_FILE = "ble demo appUITests/Info.plist";
				LD_RUNPATH_SEARCH_PATHS = (
					"$(inherited)",
					"@executable_path/Frameworks",
					"@loader_path/Frameworks",
				);
				PRODUCT_BUNDLE_IDENTIFIER = "com.client.noman.app.ble.ble-demo-appUITests";
				PRODUCT_NAME = "$(TARGET_NAME)";
				SWIFT_VERSION = 5.0;
				TARGETED_DEVICE_FAMILY = "1,2";
				TEST_TARGET_NAME = "ble demo app";
			};
			name = Release;
		};
/* End XCBuildConfiguration section */

/* Begin XCConfigurationList section */
		B515BD4D2518858800D0D456 /* Build configuration list for PBXProject "ble demo app" */ = {
			isa = XCConfigurationList;
			buildConfigurations = (
				B515BD7A2518858B00D0D456 /* Debug */,
				B515BD7B2518858B00D0D456 /* Release */,
			);
			defaultConfigurationIsVisible = 0;
			defaultConfigurationName = Release;
		};
		B515BD7C2518858B00D0D456 /* Build configuration list for PBXNativeTarget "ble demo app" */ = {
			isa = XCConfigurationList;
			buildConfigurations = (
				B515BD7D2518858B00D0D456 /* Debug */,
				B515BD7E2518858B00D0D456 /* Release */,
			);
			defaultConfigurationIsVisible = 0;
			defaultConfigurationName = Release;
		};
		B515BD7F2518858B00D0D456 /* Build configuration list for PBXNativeTarget "ble demo appTests" */ = {
			isa = XCConfigurationList;
			buildConfigurations = (
				B515BD802518858B00D0D456 /* Debug */,
				B515BD812518858B00D0D456 /* Release */,
			);
			defaultConfigurationIsVisible = 0;
			defaultConfigurationName = Release;
		};
		B515BD822518858B00D0D456 /* Build configuration list for PBXNativeTarget "ble demo appUITests" */ = {
			isa = XCConfigurationList;
			buildConfigurations = (
				B515BD832518858B00D0D456 /* Debug */,
				B515BD842518858B00D0D456 /* Release */,
			);
			defaultConfigurationIsVisible = 0;
			defaultConfigurationName = Release;
		};
/* End XCConfigurationList section */
	};
	rootObject = B515BD4A2518858800D0D456 /* Project object */;
}
